
Microsoft Visual Studio Solution File, Format Version 12.00
# Visual Studio Version 16
VisualStudioVersion = 16.0.31911.196
MinimumVisualStudioVersion = 10.0.40219.1
Project("{FAE04EC0-301F-11D3-BF4B-00C04F79EFBC}") = "StudentProgressFuzzyLogic", "StudentProgressFuzzyLogic\StudentProgressFuzzyLogic.csproj", "{3D935E9C-1C4F-412F-848C-EF31DE7E971D}"
EndProject
Global
	GlobalSection(SolutionConfigurationPlatforms) = preSolution
		Debug|Any CPU = Debug|Any CPU
		Release|Any CPU = Release|Any CPU
	EndGlobalSection
	GlobalSection(ProjectConfigurationPlatforms) = postSolution
		{3D935E9C-1C4F-412F-848C-EF31DE7E971D}.Debug|Any CPU.ActiveCfg = Debug|Any CPU
		{3D935E9C-1C4F-412F-848C-EF31DE7E971D}.Debug|Any CPU.Build.0 = Debug|Any CPU
		{3D935E9C-1C4F-412F-848C-EF31DE7E971D}.Release|Any CPU.ActiveCfg = Release|Any CPU
		{3D935E9C-1C4F-412F-848C-EF31DE7E971D}.Release|Any CPU.Build.0 = Release|Any CPU
	EndGlobalSection
	GlobalSection(SolutionProperties) = preSolution
		HideSolutionNode = FALSE
	EndGlobalSection
	GlobalSection(ExtensibilityGlobals) = postSolution
		SolutionGuid = {3E01D417-7E0A-45DC-906F-E6B89EEAD676}
	EndGlobalSection
EndGlobal
